<?xml version="1.0" encoding="utf-8"?>
<Project ToolsVersion="4.0" xmlns="http://schemas.microsoft.com/developer/msbuild/2003">
  <ItemGroup>
    <Filter Include="win32">
      <UniqueIdentifier>{84a8ebd7-7cf0-47f6-b75e-d441df67da40}</UniqueIdentifier>
    </Filter>
    <Filter Include="resource">
      <UniqueIdentifier>{715254bc-d70b-4ec5-bf29-467dd3ace079}</UniqueIdentifier>
    </Filter>
    <Filter Include="src">
      <UniqueIdentifier>{bb6c862e-70e9-49d9-81b7-3829a6f50471}</UniqueIdentifier>
    </Filter>
    <Filter Include="src\scence101">
      <UniqueIdentifier>{43826638-c16e-4f32-b637-be5c2a358e90}</UniqueIdentifier>
    </Filter>
    <Filter Include="src\common">
      <UniqueIdentifier>{ffe650b1-07d0-48f5-b28a-fbf836fe2b90}</UniqueIdentifier>
    </Filter>
    <Filter Include="src\patterns">
      <UniqueIdentifier>{f939c0a3-3ffd-4e71-b234-bd7c2360b2e8}</UniqueIdentifier>
    </Filter>
    <Filter Include="src\midwork">
      <UniqueIdentifier>{57a73851-45d8-4d49-9c7f-e9c7f3f8cfd3}</UniqueIdentifier>
    </Filter>
  </ItemGroup>
  <ItemGroup>
    <ClCompile Include="main.cpp">
      <Filter>win32</Filter>
    </ClCompile>
    <ClCompile Include="..\Classes\AppDelegate.cpp">
      <Filter>src</Filter>
    </ClCompile>
    <ClCompile Include="..\Classes\scene101\scene101.cpp">
      <Filter>src\scence101</Filter>
    </ClCompile>
    <ClCompile Include="..\Classes\scene101\scene_cocos.cpp">
      <Filter>src\scence101</Filter>
    </ClCompile>
    <ClCompile Include="..\Classes\scene101\bean01.cpp">
      <Filter>src\scence101</Filter>
    </ClCompile>
    <ClCompile Include="..\Classes\scene101\scene102.cpp">
      <Filter>src\scence101</Filter>
    </ClCompile>
    <ClCompile Include="..\Classes\common\CButton.cpp">
      <Filter>src\common</Filter>
    </ClCompile>
    <ClCompile Include="..\Classes\common\CMiddleObject.cpp">
      <Filter>src\common</Filter>
    </ClCompile>
    <ClCompile Include="..\Classes\patterns\CCommandPattern.cpp">
      <Filter>src\patterns</Filter>
    </ClCompile>
    <ClCompile Include="..\Classes\patterns\CMoveableObject.cpp">
      <Filter>src\patterns</Filter>
    </ClCompile>
    <ClCompile Include="..\Classes\patterns\CSimpleCharacter.cpp">
      <Filter>src\patterns</Filter>
    </ClCompile>
    <ClCompile Include="..\Classes\patterns\scene_patterns.cpp">
      <Filter>src\patterns</Filter>
    </ClCompile>
    <ClCompile Include="..\Classes\patterns\startscene.cpp">
      <Filter>src\patterns</Filter>
    </ClCompile>
    <ClCompile Include="..\Classes\midwork\faceState.cpp">
      <Filter>src\midwork</Filter>
    </ClCompile>
    <ClCompile Include="..\Classes\midwork\CCharacter.cpp">
      <Filter>src\midwork</Filter>
    </ClCompile>
    <ClCompile Include="..\Classes\midwork\CScoring.cpp">
      <Filter>src\midwork</Filter>
    </ClCompile>
    <ClCompile Include="..\Classes\midwork\CRunner.cpp">
      <Filter>src\midwork</Filter>
    </ClCompile>
    <ClCompile Include="..\Classes\midwork\enemySpawn.cpp">
      <Filter>src\midwork</Filter>
    </ClCompile>
    <ClCompile Include="..\Classes\patterns\midworkgamescene.cpp">
      <Filter>src\patterns</Filter>
    </ClCompile>
    <ClCompile Include="..\Classes\patterns\gamescene.cpp">
      <Filter>src\patterns</Filter>
    </ClCompile>
    <ClCompile Include="..\Classes\midwork\CNormalEnemy.cpp">
      <Filter>src\midwork</Filter>
    </ClCompile>
    <ClCompile Include="..\Classes\midwork\calhit.cpp">
      <Filter>src\midwork</Filter>
    </ClCompile>
    <ClCompile Include="..\Classes\midwork\CSpeedEnemy.cpp">
      <Filter>src\midwork</Filter>
    </ClCompile>
    <ClCompile Include="..\Classes\midwork\CTallerEnemy.cpp">
      <Filter>src\midwork</Filter>
    </ClCompile>
    <ClCompile Include="..\Classes\common\CGlobalVariables.cpp">
      <Filter>src\common</Filter>
    </ClCompile>
  </ItemGroup>
  <ItemGroup>
    <ClInclude Include="main.h">
      <Filter>win32</Filter>
    </ClInclude>
    <ClInclude Include="..\Classes\AppDelegate.h">
      <Filter>src</Filter>
    </ClInclude>
    <ClInclude Include="..\Classes\scene101\scene101.h">
      <Filter>src\scence101</Filter>
    </ClInclude>
    <ClInclude Include="..\Classes\scene101\scene_cocos.h">
      <Filter>src\scence101</Filter>
    </ClInclude>
    <ClInclude Include="..\Classes\scene101\bean01.h">
      <Filter>src\scence101</Filter>
    </ClInclude>
    <ClInclude Include="..\Classes\scene101\scene102.h">
      <Filter>src\scence101</Filter>
    </ClInclude>
    <ClInclude Include="..\Classes\common\CButton.h">
      <Filter>src\common</Filter>
    </ClInclude>
    <ClInclude Include="..\Classes\common\CMiddleObject.h">
      <Filter>src\common</Filter>
    </ClInclude>
    <ClInclude Include="..\Classes\patterns\CCommandPattern.h">
      <Filter>src\patterns</Filter>
    </ClInclude>
    <ClInclude Include="..\Classes\patterns\CMoveableObject.h">
      <Filter>src\patterns</Filter>
    </ClInclude>
    <ClInclude Include="..\Classes\patterns\CSimpleCharacter.h">
      <Filter>src\patterns</Filter>
    </ClInclude>
    <ClInclude Include="..\Classes\patterns\scene_patterns.h">
      <Filter>src\patterns</Filter>
    </ClInclude>
    <ClInclude Include="..\Classes\patterns\startscene.h">
      <Filter>src\patterns</Filter>
    </ClInclude>
    <ClInclude Include="..\Classes\midwork\faceState.h">
      <Filter>src\midwork</Filter>
    </ClInclude>
    <ClInclude Include="..\Classes\midwork\CCharacter.h">
      <Filter>src\midwork</Filter>
    </ClInclude>
    <ClInclude Include="..\Classes\midwork\CRunner.h">
      <Filter>src\midwork</Filter>
    </ClInclude>
    <ClInclude Include="..\Classes\midwork\CEnemy.h">
      <Filter>src\midwork</Filter>
    </ClInclude>
    <ClInclude Include="..\Classes\midwork\CNormalEnemy.h">
      <Filter>src\midwork</Filter>
    </ClInclude>
    <ClInclude Include="..\Classes\midwork\CTallerEnemy.h">
      <Filter>src\midwork</Filter>
    </ClInclude>
    <ClInclude Include="..\Classes\midwork\CSpeedEnemy.h">
      <Filter>src\midwork</Filter>
    </ClInclude>
    <ClInclude Include="..\Classes\midwork\CScoring.h">
      <Filter>src\midwork</Filter>
    </ClInclude>
    <ClInclude Include="..\Classes\midwork\audioController.h">
      <Filter>src\midwork</Filter>
    </ClInclude>
    <ClInclude Include="..\Classes\midwork\enemySpawn.h">
      <Filter>src\midwork</Filter>
    </ClInclude>
    <ClInclude Include="..\Classes\patterns\midworkgamesecne.h">
      <Filter>src\patterns</Filter>
    </ClInclude>
    <ClInclude Include="..\Classes\patterns\gamesecne.h">
      <Filter>src\patterns</Filter>
    </ClInclude>
    <ClInclude Include="..\Classes\midwork\calHit.h">
      <Filter>src\midwork</Filter>
    </ClInclude>
    <ClInclude Include="..\Classes\common\CGlobalVariables.h">
      <Filter>src\common</Filter>
    </ClInclude>
  </ItemGroup>
  <ItemGroup>
    <ResourceCompile Include="game.rc">
      <Filter>resource</Filter>
    </ResourceCompile>
  </ItemGroup>
  <ItemGroup>
    <Text Include="..\CMakeLists.txt">
      <Filter>src</Filter>
    </Text>
  </ItemGroup>
  <ItemGroup>
    <Xml Include="..\Resources\scene101\strings.xml">
      <Filter>src</Filter>
    </Xml>
  </ItemGroup>
</Project>